
Microsoft Visual Studio Solution File, Format Version 12.00
# Visual Studio Version 16
VisualStudioVersion = 16.0.28803.156
MinimumVisualStudioVersion = 10.0.40219.1
Project("{FAE04EC0-301F-11D3-BF4B-00C04F79EFBC}") = "CG", "CG\CG.csproj", "{243CA77E-4CFC-46F4-8A8A-96FF2A2371DD}"
EndProject
Global
	GlobalSection(SolutionConfigurationPlatforms) = preSolution
		Debug|Any CPU = Debug|Any CPU
		Release|Any CPU = Release|Any CPU
	EndGlobalSection
	GlobalSection(ProjectConfigurationPlatforms) = postSolution
		{243CA77E-4CFC-46F4-8A8A-96FF2A2371DD}.Debug|Any CPU.ActiveCfg = Debug|Any CPU
		{243CA77E-4CFC-46F4-8A8A-96FF2A2371DD}.Debug|Any CPU.Build.0 = Debug|Any CPU
		{243CA77E-4CFC-46F4-8A8A-96FF2A2371DD}.Release|Any CPU.ActiveCfg = Release|Any CPU
		{243CA77E-4CFC-46F4-8A8A-96FF2A2371DD}.Release|Any CPU.Build.0 = Release|Any CPU
	EndGlobalSection
	GlobalSection(SolutionProperties) = preSolution
		HideSolutionNode = FALSE
	EndGlobalSection
	GlobalSection(ExtensibilityGlobals) = postSolution
		SolutionGuid = {47781161-1CD2-4083-94CD-38A24FD9443F}
	EndGlobalSection
EndGlobal
